// !$*UTF8*$!
{
	archiveVersion = 1;
	classes = {
	};
	objectVersion = 50;
	objects = {

/* Begin PBXBuildFile section */
		31EFB52DB5005C3753282599 /* Pods_T1M3.framework in Frameworks */ = {isa = PBXBuildFile; fileRef = 513DD7B4BEAB38BF7E9CFC49 /* Pods_T1M3.framework */; };
		B8866AC32144C83D0053CB8D /* SideTableCell.swift in Sources */ = {isa = PBXBuildFile; fileRef = B8866AC22144C83D0053CB8D /* SideTableCell.swift */; };
		B8866AC52144D9E50053CB8D /* EditRecordViewController.swift in Sources */ = {isa = PBXBuildFile; fileRef = B8866AC42144D9E50053CB8D /* EditRecordViewController.swift */; };
		B8866AC72144F7E70053CB8D /* Settings.swift in Sources */ = {isa = PBXBuildFile; fileRef = B8866AC62144F7E70053CB8D /* Settings.swift */; };
		B8866AC92144FB820053CB8D /* SettingsTableViewController.swift in Sources */ = {isa = PBXBuildFile; fileRef = B8866AC82144FB820053CB8D /* SettingsTableViewController.swift */; };
		B8992EEA215DD4C1009A981A /* CoreDataFuncsExtension.swift in Sources */ = {isa = PBXBuildFile; fileRef = B8992EE9215DD4C1009A981A /* CoreDataFuncsExtension.swift */; };
		B8992EED215DE9BF009A981A /* Model.xcdatamodeld in Sources */ = {isa = PBXBuildFile; fileRef = B8992EEB215DE9BF009A981A /* Model.xcdatamodeld */; };
		B8ADB8012142140700AD7DA7 /* SettingsViewController.swift in Sources */ = {isa = PBXBuildFile; fileRef = B8ADB8002142140700AD7DA7 /* SettingsViewController.swift */; };
		B8ADB8032142374000AD7DA7 /* RecordDetailViewController.swift in Sources */ = {isa = PBXBuildFile; fileRef = B8ADB8022142374000AD7DA7 /* RecordDetailViewController.swift */; };
		B8ADB80521423D5900AD7DA7 /* Assets.xcassets in Resources */ = {isa = PBXBuildFile; fileRef = B8ADB80421423D5900AD7DA7 /* Assets.xcassets */; };
		B8BDF64A215DF25B00577541 /* CoreDataRecord+CoreDataClass.swift in Sources */ = {isa = PBXBuildFile; fileRef = B8BDF648215DF25A00577541 /* CoreDataRecord+CoreDataClass.swift */; };
		C42233FE21325E8C001A27AD /* AppDelegate.swift in Sources */ = {isa = PBXBuildFile; fileRef = C42233FD21325E8C001A27AD /* AppDelegate.swift */; };
		C422340021325E8C001A27AD /* ViewController.swift in Sources */ = {isa = PBXBuildFile; fileRef = C42233FF21325E8C001A27AD /* ViewController.swift */; };
		C422340321325E8C001A27AD /* Main.storyboard in Resources */ = {isa = PBXBuildFile; fileRef = C422340121325E8C001A27AD /* Main.storyboard */; };
		C422340821325E8E001A27AD /* LaunchScreen.storyboard in Resources */ = {isa = PBXBuildFile; fileRef = C422340621325E8E001A27AD /* LaunchScreen.storyboard */; };
		C422341221326129001A27AD /* StopWatchViewController.swift in Sources */ = {isa = PBXBuildFile; fileRef = C422341121326129001A27AD /* StopWatchViewController.swift */; };
		C42EF3CF215F47570094F8A0 /* Location+CoreDataProperties.swift in Sources */ = {isa = PBXBuildFile; fileRef = C42EF3CE215F47570094F8A0 /* Location+CoreDataProperties.swift */; };
		C4469E7A213BB7580004DE1C /* RecordsViewController.swift in Sources */ = {isa = PBXBuildFile; fileRef = C4469E79213BB7580004DE1C /* RecordsViewController.swift */; };
		C4469E7D213BB8D70004DE1C /* RecordTableViewCell.swift in Sources */ = {isa = PBXBuildFile; fileRef = C4469E7B213BB8D70004DE1C /* RecordTableViewCell.swift */; };
		C4469E7E213BB8D70004DE1C /* RecordTableViewCell.xib in Resources */ = {isa = PBXBuildFile; fileRef = C4469E7C213BB8D70004DE1C /* RecordTableViewCell.xib */; };
		C448E320213FB72500501BF4 /* LocationManager.swift in Sources */ = {isa = PBXBuildFile; fileRef = C448E31F213FB72500501BF4 /* LocationManager.swift */; };
		C4522D37215F3D8F0006019E /* CoreDataRecord+CoreDataProperties.swift in Sources */ = {isa = PBXBuildFile; fileRef = C4522D35215F3D8F0006019E /* CoreDataRecord+CoreDataProperties.swift */; };
		C457CBB821520B5400DBD2BE /* Recording.swift in Sources */ = {isa = PBXBuildFile; fileRef = C457CBB721520B5400DBD2BE /* Recording.swift */; };
		C45CC0A9215F8F1C002F85FE /* Location+CoreDataClass.swift in Sources */ = {isa = PBXBuildFile; fileRef = C45CC0A8215F8F1C002F85FE /* Location+CoreDataClass.swift */; };
		C492B53B214D34B4006E7C61 /* T1M3UITests.swift in Sources */ = {isa = PBXBuildFile; fileRef = C492B53A214D34B4006E7C61 /* T1M3UITests.swift */; };
		C492B543214D386F006E7C61 /* StopWatchTest.swift in Sources */ = {isa = PBXBuildFile; fileRef = C492B542214D386F006E7C61 /* StopWatchTest.swift */; };
		C4C5C3DA214DF1AC00CF4504 /* RecordLogTests.swift in Sources */ = {isa = PBXBuildFile; fileRef = C4C5C3D9214DF1AC00CF4504 /* RecordLogTests.swift */; };
		C4C5C3DC214DFA6C00CF4504 /* SettingsTest.swift in Sources */ = {isa = PBXBuildFile; fileRef = C4C5C3DB214DFA6C00CF4504 /* SettingsTest.swift */; };
		C4C5C3DE214DFBF900CF4504 /* RecordDetailTests.swift in Sources */ = {isa = PBXBuildFile; fileRef = C4C5C3DD214DFBF900CF4504 /* RecordDetailTests.swift */; };
		C4C5C3E0214DFF5400CF4504 /* RecordedTest.swift in Sources */ = {isa = PBXBuildFile; fileRef = C4C5C3DF214DFF5400CF4504 /* RecordedTest.swift */; };
		C4CD4D8B2132FA5B0070D035 /* StopWatchController.swift in Sources */ = {isa = PBXBuildFile; fileRef = C4CD4D8A2132FA5B0070D035 /* StopWatchController.swift */; };
		C4E4F8312136B0C300506B6D /* WeatherInformationManager.swift in Sources */ = {isa = PBXBuildFile; fileRef = C4E4F8302136B0C300506B6D /* WeatherInformationManager.swift */; };
		C4E4F8332136B97C00506B6D /* RecordLog.swift in Sources */ = {isa = PBXBuildFile; fileRef = C4E4F8322136B97C00506B6D /* RecordLog.swift */; };
/* End PBXBuildFile section */

/* Begin PBXContainerItemProxy section */
		C492B53D214D34B4006E7C61 /* PBXContainerItemProxy */ = {
			isa = PBXContainerItemProxy;
			containerPortal = C42233F221325E8C001A27AD /* Project object */;
			proxyType = 1;
			remoteGlobalIDString = C42233F921325E8C001A27AD;
			remoteInfo = T1M3;
		};
/* End PBXContainerItemProxy section */

/* Begin PBXFileReference section */
		513DD7B4BEAB38BF7E9CFC49 /* Pods_T1M3.framework */ = {isa = PBXFileReference; explicitFileType = wrapper.framework; includeInIndex = 0; path = Pods_T1M3.framework; sourceTree = BUILT_PRODUCTS_DIR; };
		92AC16707FEAF1E95E7E7E89 /* Pods-T1M3.debug.xcconfig */ = {isa = PBXFileReference; includeInIndex = 1; lastKnownFileType = text.xcconfig; name = "Pods-T1M3.debug.xcconfig"; path = "Pods/Target Support Files/Pods-T1M3/Pods-T1M3.debug.xcconfig"; sourceTree = "<group>"; };
		B8866AC22144C83D0053CB8D /* SideTableCell.swift */ = {isa = PBXFileReference; lastKnownFileType = sourcecode.swift; path = SideTableCell.swift; sourceTree = "<group>"; };
		B8866AC42144D9E50053CB8D /* EditRecordViewController.swift */ = {isa = PBXFileReference; lastKnownFileType = sourcecode.swift; path = EditRecordViewController.swift; sourceTree = "<group>"; };
		B8866AC62144F7E70053CB8D /* Settings.swift */ = {isa = PBXFileReference; lastKnownFileType = sourcecode.swift; path = Settings.swift; sourceTree = "<group>"; };
		B8866AC82144FB820053CB8D /* SettingsTableViewController.swift */ = {isa = PBXFileReference; lastKnownFileType = sourcecode.swift; path = SettingsTableViewController.swift; sourceTree = "<group>"; };
		B8992EE9215DD4C1009A981A /* CoreDataFuncsExtension.swift */ = {isa = PBXFileReference; lastKnownFileType = sourcecode.swift; path = CoreDataFuncsExtension.swift; sourceTree = "<group>"; };
		B8992EEC215DE9BF009A981A /* Model.xcdatamodel */ = {isa = PBXFileReference; lastKnownFileType = wrapper.xcdatamodel; path = Model.xcdatamodel; sourceTree = "<group>"; };
		B8ADB8002142140700AD7DA7 /* SettingsViewController.swift */ = {isa = PBXFileReference; lastKnownFileType = sourcecode.swift; path = SettingsViewController.swift; sourceTree = "<group>"; };
		B8ADB8022142374000AD7DA7 /* RecordDetailViewController.swift */ = {isa = PBXFileReference; lastKnownFileType = sourcecode.swift; path = RecordDetailViewController.swift; sourceTree = "<group>"; };
		B8ADB80421423D5900AD7DA7 /* Assets.xcassets */ = {isa = PBXFileReference; lastKnownFileType = folder.assetcatalog; path = Assets.xcassets; sourceTree = "<group>"; };
		B8BDF648215DF25A00577541 /* CoreDataRecord+CoreDataClass.swift */ = {isa = PBXFileReference; lastKnownFileType = sourcecode.swift; path = "CoreDataRecord+CoreDataClass.swift"; sourceTree = "<group>"; };
		C42233FA21325E8C001A27AD /* T1M3.app */ = {isa = PBXFileReference; explicitFileType = wrapper.application; includeInIndex = 0; path = T1M3.app; sourceTree = BUILT_PRODUCTS_DIR; };
		C42233FD21325E8C001A27AD /* AppDelegate.swift */ = {isa = PBXFileReference; lastKnownFileType = sourcecode.swift; path = AppDelegate.swift; sourceTree = "<group>"; };
		C42233FF21325E8C001A27AD /* ViewController.swift */ = {isa = PBXFileReference; lastKnownFileType = sourcecode.swift; path = ViewController.swift; sourceTree = "<group>"; };
		C422340221325E8C001A27AD /* Base */ = {isa = PBXFileReference; lastKnownFileType = file.storyboard; name = Base; path = Base.lproj/Main.storyboard; sourceTree = "<group>"; };
		C422340721325E8E001A27AD /* Base */ = {isa = PBXFileReference; lastKnownFileType = file.storyboard; name = Base; path = Base.lproj/LaunchScreen.storyboard; sourceTree = "<group>"; };
		C422340921325E8E001A27AD /* Info.plist */ = {isa = PBXFileReference; lastKnownFileType = text.plist.xml; path = Info.plist; sourceTree = "<group>"; };
		C422341121326129001A27AD /* StopWatchViewController.swift */ = {isa = PBXFileReference; lastKnownFileType = sourcecode.swift; path = StopWatchViewController.swift; sourceTree = "<group>"; };
		C42EF3CE215F47570094F8A0 /* Location+CoreDataProperties.swift */ = {isa = PBXFileReference; lastKnownFileType = sourcecode.swift; path = "Location+CoreDataProperties.swift"; sourceTree = "<group>"; };
		C4469E79213BB7580004DE1C /* RecordsViewController.swift */ = {isa = PBXFileReference; lastKnownFileType = sourcecode.swift; path = RecordsViewController.swift; sourceTree = "<group>"; };
		C4469E7B213BB8D70004DE1C /* RecordTableViewCell.swift */ = {isa = PBXFileReference; lastKnownFileType = sourcecode.swift; path = RecordTableViewCell.swift; sourceTree = "<group>"; };
		C4469E7C213BB8D70004DE1C /* RecordTableViewCell.xib */ = {isa = PBXFileReference; lastKnownFileType = file.xib; path = RecordTableViewCell.xib; sourceTree = "<group>"; };
		C448E31F213FB72500501BF4 /* LocationManager.swift */ = {isa = PBXFileReference; lastKnownFileType = sourcecode.swift; path = LocationManager.swift; sourceTree = "<group>"; };
		C4522D35215F3D8F0006019E /* CoreDataRecord+CoreDataProperties.swift */ = {isa = PBXFileReference; lastKnownFileType = sourcecode.swift; path = "CoreDataRecord+CoreDataProperties.swift"; sourceTree = "<group>"; };
		C457CBB721520B5400DBD2BE /* Recording.swift */ = {isa = PBXFileReference; lastKnownFileType = sourcecode.swift; path = Recording.swift; sourceTree = "<group>"; };
		C45CC0A8215F8F1C002F85FE /* Location+CoreDataClass.swift */ = {isa = PBXFileReference; fileEncoding = 4; lastKnownFileType = sourcecode.swift; path = "Location+CoreDataClass.swift"; sourceTree = "<group>"; };
		C492B538214D34B4006E7C61 /* T1M3UITests.xctest */ = {isa = PBXFileReference; explicitFileType = wrapper.cfbundle; includeInIndex = 0; path = T1M3UITests.xctest; sourceTree = BUILT_PRODUCTS_DIR; };
		C492B53A214D34B4006E7C61 /* T1M3UITests.swift */ = {isa = PBXFileReference; lastKnownFileType = sourcecode.swift; path = T1M3UITests.swift; sourceTree = "<group>"; };
		C492B53C214D34B4006E7C61 /* Info.plist */ = {isa = PBXFileReference; lastKnownFileType = text.plist.xml; path = Info.plist; sourceTree = "<group>"; };
		C492B542214D386F006E7C61 /* StopWatchTest.swift */ = {isa = PBXFileReference; lastKnownFileType = sourcecode.swift; path = StopWatchTest.swift; sourceTree = "<group>"; };
		C4C5C3D9214DF1AC00CF4504 /* RecordLogTests.swift */ = {isa = PBXFileReference; lastKnownFileType = sourcecode.swift; path = RecordLogTests.swift; sourceTree = "<group>"; };
		C4C5C3DB214DFA6C00CF4504 /* SettingsTest.swift */ = {isa = PBXFileReference; lastKnownFileType = sourcecode.swift; path = SettingsTest.swift; sourceTree = "<group>"; };
		C4C5C3DD214DFBF900CF4504 /* RecordDetailTests.swift */ = {isa = PBXFileReference; lastKnownFileType = sourcecode.swift; path = RecordDetailTests.swift; sourceTree = "<group>"; };
		C4C5C3DF214DFF5400CF4504 /* RecordedTest.swift */ = {isa = PBXFileReference; lastKnownFileType = sourcecode.swift; path = RecordedTest.swift; sourceTree = "<group>"; };
		C4CD4D8A2132FA5B0070D035 /* StopWatchController.swift */ = {isa = PBXFileReference; lastKnownFileType = sourcecode.swift; path = StopWatchController.swift; sourceTree = "<group>"; };
		C4E4F8302136B0C300506B6D /* WeatherInformationManager.swift */ = {isa = PBXFileReference; lastKnownFileType = sourcecode.swift; path = WeatherInformationManager.swift; sourceTree = "<group>"; };
		C4E4F8322136B97C00506B6D /* RecordLog.swift */ = {isa = PBXFileReference; lastKnownFileType = sourcecode.swift; path = RecordLog.swift; sourceTree = "<group>"; };
		F0120C570A8E5D15EE146FCA /* Pods-T1M3.release.xcconfig */ = {isa = PBXFileReference; includeInIndex = 1; lastKnownFileType = text.xcconfig; name = "Pods-T1M3.release.xcconfig"; path = "Pods/Target Support Files/Pods-T1M3/Pods-T1M3.release.xcconfig"; sourceTree = "<group>"; };
/* End PBXFileReference section */

/* Begin PBXFrameworksBuildPhase section */
		C42233F721325E8C001A27AD /* Frameworks */ = {
			isa = PBXFrameworksBuildPhase;
			buildActionMask = 2147483647;
			files = (
				31EFB52DB5005C3753282599 /* Pods_T1M3.framework in Frameworks */,
			);
			runOnlyForDeploymentPostprocessing = 0;
		};
		C492B535214D34B4006E7C61 /* Frameworks */ = {
			isa = PBXFrameworksBuildPhase;
			buildActionMask = 2147483647;
			files = (
			);
			runOnlyForDeploymentPostprocessing = 0;
		};
/* End PBXFrameworksBuildPhase section */

/* Begin PBXGroup section */
		3AE46E26CD60E37867FD6C7E /* Frameworks */ = {
			isa = PBXGroup;
			children = (
				513DD7B4BEAB38BF7E9CFC49 /* Pods_T1M3.framework */,
			);
			name = Frameworks;
			sourceTree = "<group>";
		};
		6463AF263A2D7A7BF924FB94 /* Pods */ = {
			isa = PBXGroup;
			children = (
				92AC16707FEAF1E95E7E7E89 /* Pods-T1M3.debug.xcconfig */,
				F0120C570A8E5D15EE146FCA /* Pods-T1M3.release.xcconfig */,
			);
			name = Pods;
			sourceTree = "<group>";
		};
		B8036DD62140EF7D00062B71 /* Resources */ = {
			isa = PBXGroup;
			children = (
				B8ADB80421423D5900AD7DA7 /* Assets.xcassets */,
			);
			path = Resources;
			sourceTree = "<group>";
		};
		B86F2E9B215D172E00C33977 /* Extensions */ = {
			isa = PBXGroup;
			children = (
				B8992EE9215DD4C1009A981A /* CoreDataFuncsExtension.swift */,
			);
			path = Extensions;
			sourceTree = "<group>";
		};
		C42233F121325E8C001A27AD = {
			isa = PBXGroup;
			children = (
				C42233FC21325E8C001A27AD /* T1M3 */,
				C492B539214D34B4006E7C61 /* T1M3UITests */,
				C42233FB21325E8C001A27AD /* Products */,
				6463AF263A2D7A7BF924FB94 /* Pods */,
				3AE46E26CD60E37867FD6C7E /* Frameworks */,
			);
			sourceTree = "<group>";
		};
		C42233FB21325E8C001A27AD /* Products */ = {
			isa = PBXGroup;
			children = (
				C42233FA21325E8C001A27AD /* T1M3.app */,
				C492B538214D34B4006E7C61 /* T1M3UITests.xctest */,
			);
			name = Products;
			sourceTree = "<group>";
		};
		C42233FC21325E8C001A27AD /* T1M3 */ = {
			isa = PBXGroup;
			children = (
				B8992EEB215DE9BF009A981A /* Model.xcdatamodeld */,
				B86F2E9B215D172E00C33977 /* Extensions */,
				B8036DD62140EF7D00062B71 /* Resources */,
				C4469E78213BB5DD0004DE1C /* Views */,
				C4469E77213BB5CC0004DE1C /* Models */,
				C4469E76213BB5B80004DE1C /* ViewControllers */,
				C42233FD21325E8C001A27AD /* AppDelegate.swift */,
				C422340921325E8E001A27AD /* Info.plist */,
			);
			path = T1M3;
			sourceTree = "<group>";
		};
		C4469E76213BB5B80004DE1C /* ViewControllers */ = {
			isa = PBXGroup;
			children = (
				C422341121326129001A27AD /* StopWatchViewController.swift */,
				C42233FF21325E8C001A27AD /* ViewController.swift */,
				C4469E79213BB7580004DE1C /* RecordsViewController.swift */,
				B8ADB8002142140700AD7DA7 /* SettingsViewController.swift */,
				B8ADB8022142374000AD7DA7 /* RecordDetailViewController.swift */,
				B8866AC42144D9E50053CB8D /* EditRecordViewController.swift */,
				B8866AC82144FB820053CB8D /* SettingsTableViewController.swift */,
			);
			path = ViewControllers;
			sourceTree = "<group>";
		};
		C4469E77213BB5CC0004DE1C /* Models */ = {
			isa = PBXGroup;
			children = (
				C45CC0A8215F8F1C002F85FE /* Location+CoreDataClass.swift */,
				C42EF3CE215F47570094F8A0 /* Location+CoreDataProperties.swift */,
				C4522D35215F3D8F0006019E /* CoreDataRecord+CoreDataProperties.swift */,
				B8BDF648215DF25A00577541 /* CoreDataRecord+CoreDataClass.swift */,
				C4CD4D8A2132FA5B0070D035 /* StopWatchController.swift */,
				C4E4F8302136B0C300506B6D /* WeatherInformationManager.swift */,
				C4E4F8322136B97C00506B6D /* RecordLog.swift */,
				B8866AC62144F7E70053CB8D /* Settings.swift */,
				C448E31F213FB72500501BF4 /* LocationManager.swift */,
				C457CBB721520B5400DBD2BE /* Recording.swift */,
			);
			path = Models;
			sourceTree = "<group>";
		};
		C4469E78213BB5DD0004DE1C /* Views */ = {
			isa = PBXGroup;
			children = (
				C422340121325E8C001A27AD /* Main.storyboard */,
				C422340621325E8E001A27AD /* LaunchScreen.storyboard */,
				C4469E7B213BB8D70004DE1C /* RecordTableViewCell.swift */,
				C4469E7C213BB8D70004DE1C /* RecordTableViewCell.xib */,
				B8866AC22144C83D0053CB8D /* SideTableCell.swift */,
			);
			path = Views;
			sourceTree = "<group>";
		};
		C492B539214D34B4006E7C61 /* T1M3UITests */ = {
			isa = PBXGroup;
			children = (
				C492B53A214D34B4006E7C61 /* T1M3UITests.swift */,
				C492B53C214D34B4006E7C61 /* Info.plist */,
				C492B542214D386F006E7C61 /* StopWatchTest.swift */,
				C4C5C3D9214DF1AC00CF4504 /* RecordLogTests.swift */,
				C4C5C3DB214DFA6C00CF4504 /* SettingsTest.swift */,
				C4C5C3DD214DFBF900CF4504 /* RecordDetailTests.swift */,
				C4C5C3DF214DFF5400CF4504 /* RecordedTest.swift */,
			);
			path = T1M3UITests;
			sourceTree = "<group>";
		};
/* End PBXGroup section */

/* Begin PBXNativeTarget section */
		C42233F921325E8C001A27AD /* T1M3 */ = {
			isa = PBXNativeTarget;
			buildConfigurationList = C422340C21325E8E001A27AD /* Build configuration list for PBXNativeTarget "T1M3" */;
			buildPhases = (
				D012714E9FEFDAF1BA923F68 /* [CP] Check Pods Manifest.lock */,
				C42233F621325E8C001A27AD /* Sources */,
				C42233F721325E8C001A27AD /* Frameworks */,
				C42233F821325E8C001A27AD /* Resources */,
				7D659F73FF2639AFA689A22B /* [CP] Embed Pods Frameworks */,
			);
			buildRules = (
			);
			dependencies = (
			);
			name = T1M3;
			productName = T1M3;
			productReference = C42233FA21325E8C001A27AD /* T1M3.app */;
			productType = "com.apple.product-type.application";
		};
		C492B537214D34B4006E7C61 /* T1M3UITests */ = {
			isa = PBXNativeTarget;
			buildConfigurationList = C492B541214D34B4006E7C61 /* Build configuration list for PBXNativeTarget "T1M3UITests" */;
			buildPhases = (
				C492B534214D34B4006E7C61 /* Sources */,
				C492B535214D34B4006E7C61 /* Frameworks */,
				C492B536214D34B4006E7C61 /* Resources */,
			);
			buildRules = (
			);
			dependencies = (
				C492B53E214D34B4006E7C61 /* PBXTargetDependency */,
			);
			name = T1M3UITests;
			productName = T1M3UITests;
			productReference = C492B538214D34B4006E7C61 /* T1M3UITests.xctest */;
			productType = "com.apple.product-type.bundle.ui-testing";
		};
/* End PBXNativeTarget section */

/* Begin PBXProject section */
		C42233F221325E8C001A27AD /* Project object */ = {
			isa = PBXProject;
			attributes = {
				LastSwiftUpdateCheck = 0940;
				LastUpgradeCheck = 0940;
				ORGANIZATIONNAME = Bob;
				TargetAttributes = {
					C42233F921325E8C001A27AD = {
						CreatedOnToolsVersion = 9.4.1;
					};
					C492B537214D34B4006E7C61 = {
						CreatedOnToolsVersion = 9.4.1;
						TestTargetID = C42233F921325E8C001A27AD;
					};
				};
			};
			buildConfigurationList = C42233F521325E8C001A27AD /* Build configuration list for PBXProject "T1M3" */;
			compatibilityVersion = "Xcode 9.3";
			developmentRegion = en;
			hasScannedForEncodings = 0;
			knownRegions = (
				en,
				Base,
			);
			mainGroup = C42233F121325E8C001A27AD;
			productRefGroup = C42233FB21325E8C001A27AD /* Products */;
			projectDirPath = "";
			projectRoot = "";
			targets = (
				C42233F921325E8C001A27AD /* T1M3 */,
				C492B537214D34B4006E7C61 /* T1M3UITests */,
			);
		};
/* End PBXProject section */

/* Begin PBXResourcesBuildPhase section */
		C42233F821325E8C001A27AD /* Resources */ = {
			isa = PBXResourcesBuildPhase;
			buildActionMask = 2147483647;
			files = (
				C422340821325E8E001A27AD /* LaunchScreen.storyboard in Resources */,
				C4469E7E213BB8D70004DE1C /* RecordTableViewCell.xib in Resources */,
				B8ADB80521423D5900AD7DA7 /* Assets.xcassets in Resources */,
				C422340321325E8C001A27AD /* Main.storyboard in Resources */,
			);
			runOnlyForDeploymentPostprocessing = 0;
		};
		C492B536214D34B4006E7C61 /* Resources */ = {
			isa = PBXResourcesBuildPhase;
			buildActionMask = 2147483647;
			files = (
			);
			runOnlyForDeploymentPostprocessing = 0;
		};
/* End PBXResourcesBuildPhase section */

/* Begin PBXShellScriptBuildPhase section */
		7D659F73FF2639AFA689A22B /* [CP] Embed Pods Frameworks */ = {
			isa = PBXShellScriptBuildPhase;
			buildActionMask = 2147483647;
			files = (
			);
			inputPaths = (
				"${SRCROOT}/Pods/Target Support Files/Pods-T1M3/Pods-T1M3-frameworks.sh",
				"${BUILT_PRODUCTS_DIR}/Charts/Charts.framework",
			);
			name = "[CP] Embed Pods Frameworks";
			outputPaths = (
				"${TARGET_BUILD_DIR}/${FRAMEWORKS_FOLDER_PATH}/Charts.framework",
			);
			runOnlyForDeploymentPostprocessing = 0;
			shellPath = /bin/sh;
			shellScript = "\"${SRCROOT}/Pods/Target Support Files/Pods-T1M3/Pods-T1M3-frameworks.sh\"\n";
			showEnvVarsInLog = 0;
		};
		D012714E9FEFDAF1BA923F68 /* [CP] Check Pods Manifest.lock */ = {
			isa = PBXShellScriptBuildPhase;
			buildActionMask = 2147483647;
			files = (
			);
			inputPaths = (
				"${PODS_PODFILE_DIR_PATH}/Podfile.lock",
				"${PODS_ROOT}/Manifest.lock",
			);
			name = "[CP] Check Pods Manifest.lock";
			outputPaths = (
				"$(DERIVED_FILE_DIR)/Pods-T1M3-checkManifestLockResult.txt",
			);
			runOnlyForDeploymentPostprocessing = 0;
			shellPath = /bin/sh;
			shellScript = "diff \"${PODS_PODFILE_DIR_PATH}/Podfile.lock\" \"${PODS_ROOT}/Manifest.lock\" > /dev/null\nif [ $? != 0 ] ; then\n    # print error to STDERR\n    echo \"error: The sandbox is not in sync with the Podfile.lock. Run 'pod install' or update your CocoaPods installation.\" >&2\n    exit 1\nfi\n# This output is used by Xcode 'outputs' to avoid re-running this script phase.\necho \"SUCCESS\" > \"${SCRIPT_OUTPUT_FILE_0}\"\n";
			showEnvVarsInLog = 0;
		};
/* End PBXShellScriptBuildPhase section */

/* Begin PBXSourcesBuildPhase section */
		C42233F621325E8C001A27AD /* Sources */ = {
			isa = PBXSourcesBuildPhase;
			buildActionMask = 2147483647;
			files = (
				C422341221326129001A27AD /* StopWatchViewController.swift in Sources */,
				B8866AC52144D9E50053CB8D /* EditRecordViewController.swift in Sources */,
				B8866AC72144F7E70053CB8D /* Settings.swift in Sources */,
				C4469E7A213BB7580004DE1C /* RecordsViewController.swift in Sources */,
				B8ADB8032142374000AD7DA7 /* RecordDetailViewController.swift in Sources */,
				B8992EED215DE9BF009A981A /* Model.xcdatamodeld in Sources */,
				C4CD4D8B2132FA5B0070D035 /* StopWatchController.swift in Sources */,
				C42EF3CF215F47570094F8A0 /* Location+CoreDataProperties.swift in Sources */,
				B8866AC92144FB820053CB8D /* SettingsTableViewController.swift in Sources */,
				C457CBB821520B5400DBD2BE /* Recording.swift in Sources */,
				C45CC0A9215F8F1C002F85FE /* Location+CoreDataClass.swift in Sources */,
				C422340021325E8C001A27AD /* ViewController.swift in Sources */,
				C4E4F8312136B0C300506B6D /* WeatherInformationManager.swift in Sources */,
				C42233FE21325E8C001A27AD /* AppDelegate.swift in Sources */,
				C4469E7D213BB8D70004DE1C /* RecordTableViewCell.swift in Sources */,
				C448E320213FB72500501BF4 /* LocationManager.swift in Sources */,
				B8BDF64A215DF25B00577541 /* CoreDataRecord+CoreDataClass.swift in Sources */,
				C4E4F8332136B97C00506B6D /* RecordLog.swift in Sources */,
				B8866AC32144C83D0053CB8D /* SideTableCell.swift in Sources */,
				C4522D37215F3D8F0006019E /* CoreDataRecord+CoreDataProperties.swift in Sources */,
				B8992EEA215DD4C1009A981A /* CoreDataFuncsExtension.swift in Sources */,
				B8ADB8012142140700AD7DA7 /* SettingsViewController.swift in Sources */,
			);
			runOnlyForDeploymentPostprocessing = 0;
		};
		C492B534214D34B4006E7C61 /* Sources */ = {
			isa = PBXSourcesBuildPhase;
			buildActionMask = 2147483647;
			files = (
				C4C5C3DA214DF1AC00CF4504 /* RecordLogTests.swift in Sources */,
				C4C5C3DE214DFBF900CF4504 /* RecordDetailTests.swift in Sources */,
				C492B53B214D34B4006E7C61 /* T1M3UITests.swift in Sources */,
				C4C5C3DC214DFA6C00CF4504 /* SettingsTest.swift in Sources */,
				C492B543214D386F006E7C61 /* StopWatchTest.swift in Sources */,
				C4C5C3E0214DFF5400CF4504 /* RecordedTest.swift in Sources */,
			);
			runOnlyForDeploymentPostprocessing = 0;
		};
/* End PBXSourcesBuildPhase section */

/* Begin PBXTargetDependency section */
		C492B53E214D34B4006E7C61 /* PBXTargetDependency */ = {
			isa = PBXTargetDependency;
			target = C42233F921325E8C001A27AD /* T1M3 */;
			targetProxy = C492B53D214D34B4006E7C61 /* PBXContainerItemProxy */;
		};
/* End PBXTargetDependency section */

/* Begin PBXVariantGroup section */
		C422340121325E8C001A27AD /* Main.storyboard */ = {
			isa = PBXVariantGroup;
			children = (
				C422340221325E8C001A27AD /* Base */,
			);
			name = Main.storyboard;
			sourceTree = "<group>";
		};
		C422340621325E8E001A27AD /* LaunchScreen.storyboard */ = {
			isa = PBXVariantGroup;
			children = (
				C422340721325E8E001A27AD /* Base */,
			);
			name = LaunchScreen.storyboard;
			sourceTree = "<group>";
		};
/* End PBXVariantGroup section */

/* Begin XCBuildConfiguration section */
		C422340A21325E8E001A27AD /* Debug */ = {
			isa = XCBuildConfiguration;
			buildSettings = {
				ALWAYS_SEARCH_USER_PATHS = NO;
				CLANG_ANALYZER_NONNULL = YES;
				CLANG_ANALYZER_NUMBER_OBJECT_CONVERSION = YES_AGGRESSIVE;
				CLANG_CXX_LANGUAGE_STANDARD = "gnu++14";
				CLANG_CXX_LIBRARY = "libc++";
				CLANG_ENABLE_MODULES = YES;
				CLANG_ENABLE_OBJC_ARC = YES;
				CLANG_ENABLE_OBJC_WEAK = YES;
				CLANG_WARN_BLOCK_CAPTURE_AUTORELEASING = YES;
				CLANG_WARN_BOOL_CONVERSION = YES;
				CLANG_WARN_COMMA = YES;
				CLANG_WARN_CONSTANT_CONVERSION = YES;
				CLANG_WARN_DEPRECATED_OBJC_IMPLEMENTATIONS = YES;
				CLANG_WARN_DIRECT_OBJC_ISA_USAGE = YES_ERROR;
				CLANG_WARN_DOCUMENTATION_COMMENTS = YES;
				CLANG_WARN_EMPTY_BODY = YES;
				CLANG_WARN_ENUM_CONVERSION = YES;
				CLANG_WARN_INFINITE_RECURSION = YES;
				CLANG_WARN_INT_CONVERSION = YES;
				CLANG_WARN_NON_LITERAL_NULL_CONVERSION = YES;
				CLANG_WARN_OBJC_IMPLICIT_RETAIN_SELF = YES;
				CLANG_WARN_OBJC_LITERAL_CONVERSION = YES;
				CLANG_WARN_OBJC_ROOT_CLASS = YES_ERROR;
				CLANG_WARN_RANGE_LOOP_ANALYSIS = YES;
				CLANG_WARN_STRICT_PROTOTYPES = YES;
				CLANG_WARN_SUSPICIOUS_MOVE = YES;
				CLANG_WARN_UNGUARDED_AVAILABILITY = YES_AGGRESSIVE;
				CLANG_WARN_UNREACHABLE_CODE = YES;
				CLANG_WARN__DUPLICATE_METHOD_MATCH = YES;
				CODE_SIGN_IDENTITY = "iPhone Developer";
				COPY_PHASE_STRIP = NO;
				DEBUG_INFORMATION_FORMAT = dwarf;
				ENABLE_STRICT_OBJC_MSGSEND = YES;
				ENABLE_TESTABILITY = YES;
				GCC_C_LANGUAGE_STANDARD = gnu11;
				GCC_DYNAMIC_NO_PIC = NO;
				GCC_NO_COMMON_BLOCKS = YES;
				GCC_OPTIMIZATION_LEVEL = 0;
				GCC_PREPROCESSOR_DEFINITIONS = (
					"DEBUG=1",
					"$(inherited)",
				);
				GCC_WARN_64_TO_32_BIT_CONVERSION = YES;
				GCC_WARN_ABOUT_RETURN_TYPE = YES_ERROR;
				GCC_WARN_UNDECLARED_SELECTOR = YES;
				GCC_WARN_UNINITIALIZED_AUTOS = YES_AGGRESSIVE;
				GCC_WARN_UNUSED_FUNCTION = YES;
				GCC_WARN_UNUSED_VARIABLE = YES;
				IPHONEOS_DEPLOYMENT_TARGET = 11.4;
				MTL_ENABLE_DEBUG_INFO = YES;
				ONLY_ACTIVE_ARCH = YES;
				SDKROOT = iphoneos;
				SWIFT_ACTIVE_COMPILATION_CONDITIONS = DEBUG;
				SWIFT_OPTIMIZATION_LEVEL = "-Onone";
			};
			name = Debug;
		};
		C422340B21325E8E001A27AD /* Release */ = {
			isa = XCBuildConfiguration;
			buildSettings = {
				ALWAYS_SEARCH_USER_PATHS = NO;
				CLANG_ANALYZER_NONNULL = YES;
				CLANG_ANALYZER_NUMBER_OBJECT_CONVERSION = YES_AGGRESSIVE;
				CLANG_CXX_LANGUAGE_STANDARD = "gnu++14";
				CLANG_CXX_LIBRARY = "libc++";
				CLANG_ENABLE_MODULES = YES;
				CLANG_ENABLE_OBJC_ARC = YES;
				CLANG_ENABLE_OBJC_WEAK = YES;
				CLANG_WARN_BLOCK_CAPTURE_AUTORELEASING = YES;
				CLANG_WARN_BOOL_CONVERSION = YES;
				CLANG_WARN_COMMA = YES;
				CLANG_WARN_CONSTANT_CONVERSION = YES;
				CLANG_WARN_DEPRECATED_OBJC_IMPLEMENTATIONS = YES;
				CLANG_WARN_DIRECT_OBJC_ISA_USAGE = YES_ERROR;
				CLANG_WARN_DOCUMENTATION_COMMENTS = YES;
				CLANG_WARN_EMPTY_BODY = YES;
				CLANG_WARN_ENUM_CONVERSION = YES;
				CLANG_WARN_INFINITE_RECURSION = YES;
				CLANG_WARN_INT_CONVERSION = YES;
				CLANG_WARN_NON_LITERAL_NULL_CONVERSION = YES;
				CLANG_WARN_OBJC_IMPLICIT_RETAIN_SELF = YES;
				CLANG_WARN_OBJC_LITERAL_CONVERSION = YES;
				CLANG_WARN_OBJC_ROOT_CLASS = YES_ERROR;
				CLANG_WARN_RANGE_LOOP_ANALYSIS = YES;
				CLANG_WARN_STRICT_PROTOTYPES = YES;
				CLANG_WARN_SUSPICIOUS_MOVE = YES;
				CLANG_WARN_UNGUARDED_AVAILABILITY = YES_AGGRESSIVE;
				CLANG_WARN_UNREACHABLE_CODE = YES;
				CLANG_WARN__DUPLICATE_METHOD_MATCH = YES;
				CODE_SIGN_IDENTITY = "iPhone Developer";
				COPY_PHASE_STRIP = NO;
				DEBUG_INFORMATION_FORMAT = "dwarf-with-dsym";
				ENABLE_NS_ASSERTIONS = NO;
				ENABLE_STRICT_OBJC_MSGSEND = YES;
				GCC_C_LANGUAGE_STANDARD = gnu11;
				GCC_NO_COMMON_BLOCKS = YES;
				GCC_WARN_64_TO_32_BIT_CONVERSION = YES;
				GCC_WARN_ABOUT_RETURN_TYPE = YES_ERROR;
				GCC_WARN_UNDECLARED_SELECTOR = YES;
				GCC_WARN_UNINITIALIZED_AUTOS = YES_AGGRESSIVE;
				GCC_WARN_UNUSED_FUNCTION = YES;
				GCC_WARN_UNUSED_VARIABLE = YES;
				IPHONEOS_DEPLOYMENT_TARGET = 11.4;
				MTL_ENABLE_DEBUG_INFO = NO;
				SDKROOT = iphoneos;
				SWIFT_COMPILATION_MODE = wholemodule;
				SWIFT_OPTIMIZATION_LEVEL = "-O";
				VALIDATE_PRODUCT = YES;
			};
			name = Release;
		};
		C422340D21325E8E001A27AD /* Debug */ = {
			isa = XCBuildConfiguration;
			baseConfigurationReference = 92AC16707FEAF1E95E7E7E89 /* Pods-T1M3.debug.xcconfig */;
			buildSettings = {
				ASSETCATALOG_COMPILER_APPICON_NAME = AppIcon;
				CODE_SIGN_STYLE = Automatic;
				INFOPLIST_FILE = T1M3/Info.plist;
				LD_RUNPATH_SEARCH_PATHS = (
					"$(inherited)",
					"@executable_path/Frameworks",
				);
				PRODUCT_BUNDLE_IDENTIFIER = au.com.iphoneaddiction.rmit.T1M3;
				PRODUCT_NAME = "$(TARGET_NAME)";
				SWIFT_VERSION = 4.0;
				TARGETED_DEVICE_FAMILY = "1,2";
			};
			name = Debug;
		};
		C422340E21325E8E001A27AD /* Release */ = {
			isa = XCBuildConfiguration;
			baseConfigurationReference = F0120C570A8E5D15EE146FCA /* Pods-T1M3.release.xcconfig */;
			buildSettings = {
				ASSETCATALOG_COMPILER_APPICON_NAME = AppIcon;
				CODE_SIGN_STYLE = Automatic;
				INFOPLIST_FILE = T1M3/Info.plist;
				LD_RUNPATH_SEARCH_PATHS = (
					"$(inherited)",
					"@executable_path/Frameworks",
				);
				PRODUCT_BUNDLE_IDENTIFIER = au.com.iphoneaddiction.rmit.T1M3;
				PRODUCT_NAME = "$(TARGET_NAME)";
				SWIFT_VERSION = 4.0;
				TARGETED_DEVICE_FAMILY = "1,2";
			};
			name = Release;
		};
		C492B53F214D34B4006E7C61 /* Debug */ = {
			isa = XCBuildConfiguration;
			buildSettings = {
				CODE_SIGN_STYLE = Automatic;
				INFOPLIST_FILE = T1M3UITests/Info.plist;
				LD_RUNPATH_SEARCH_PATHS = (
					"$(inherited)",
					"@executable_path/Frameworks",
					"@loader_path/Frameworks",
				);
				PRODUCT_BUNDLE_IDENTIFIER = au.com.iphoneaddiction.rmit.T1M3UITests;
				PRODUCT_NAME = "$(TARGET_NAME)";
				SWIFT_VERSION = 4.0;
				TARGETED_DEVICE_FAMILY = "1,2";
				TEST_TARGET_NAME = T1M3;
			};
			name = Debug;
		};
		C492B540214D34B4006E7C61 /* Release */ = {
			isa = XCBuildConfiguration;
			buildSettings = {
				CODE_SIGN_STYLE = Automatic;
				INFOPLIST_FILE = T1M3UITests/Info.plist;
				LD_RUNPATH_SEARCH_PATHS = (
					"$(inherited)",
					"@executable_path/Frameworks",
					"@loader_path/Frameworks",
				);
				PRODUCT_BUNDLE_IDENTIFIER = au.com.iphoneaddiction.rmit.T1M3UITests;
				PRODUCT_NAME = "$(TARGET_NAME)";
				SWIFT_VERSION = 4.0;
				TARGETED_DEVICE_FAMILY = "1,2";
				TEST_TARGET_NAME = T1M3;
			};
			name = Release;
		};
/* End XCBuildConfiguration section */

/* Begin XCConfigurationList section */
		C42233F521325E8C001A27AD /* Build configuration list for PBXProject "T1M3" */ = {
			isa = XCConfigurationList;
			buildConfigurations = (
				C422340A21325E8E001A27AD /* Debug */,
				C422340B21325E8E001A27AD /* Release */,
			);
			defaultConfigurationIsVisible = 0;
			defaultConfigurationName = Release;
		};
		C422340C21325E8E001A27AD /* Build configuration list for PBXNativeTarget "T1M3" */ = {
			isa = XCConfigurationList;
			buildConfigurations = (
				C422340D21325E8E001A27AD /* Debug */,
				C422340E21325E8E001A27AD /* Release */,
			);
			defaultConfigurationIsVisible = 0;
			defaultConfigurationName = Release;
		};
		C492B541214D34B4006E7C61 /* Build configuration list for PBXNativeTarget "T1M3UITests" */ = {
			isa = XCConfigurationList;
			buildConfigurations = (
				C492B53F214D34B4006E7C61 /* Debug */,
				C492B540214D34B4006E7C61 /* Release */,
			);
			defaultConfigurationIsVisible = 0;
			defaultConfigurationName = Release;
		};
/* End XCConfigurationList section */

/* Begin XCVersionGroup section */
		B8992EEB215DE9BF009A981A /* Model.xcdatamodeld */ = {
			isa = XCVersionGroup;
			children = (
				B8992EEC215DE9BF009A981A /* Model.xcdatamodel */,
			);
			currentVersion = B8992EEC215DE9BF009A981A /* Model.xcdatamodel */;
			path = Model.xcdatamodeld;
			sourceTree = "<group>";
			versionGroupType = wrapper.xcdatamodel;
		};
/* End XCVersionGroup section */
	};
	rootObject = C42233F221325E8C001A27AD /* Project object */;
}
